{
  "requires": true,
  "lockfileVersion": 1,
  "dependencies": {
    "n64": {
      "version": "0.2.5",
      "resolved": "https://registry.npmjs.org/n64/-/n64-0.2.5.tgz",
      "integrity": "sha512-wry9grq4tNsxvpW2hqXNJIxqv9pT3+NEs/nyg9z5nKQ4QCB6b9IF2DSpVBEC/9fxX6c6G5hJ+SzK/Iv2k+896w=="
    }
  }
}
